{
  "name": "install_package",
  "version": "1.0.0",
  "lockfileVersion": 3,
  "requires": true,
  "packages": {
    "": {
      "name": "install_package",
      "version": "1.0.0",
      "license": "ISC",
      "dependencies": {
        "olia-math-package": "^1.0.0"
      }
    },
    "node_modules/olia-math-package": {
      "version": "1.0.0",
      "resolved": "https://registry.npmjs.org/olia-math-package/-/olia-math-package-1.0.0.tgz",
      "integrity": "sha512-2NXzfWO8sArqdiP7dITCTj6Ab6rHkJVWk0x6mzyUNAZUR46V6Yh90Oreea5C2ffuk31jhJZjAZO0Asru3vJw3w=="
    }
  }
}
